
Microsoft Visual Studio Solution File, Format Version 12.00
# Visual Studio Version 16
VisualStudioVersion = 16.0.31005.135
MinimumVisualStudioVersion = 10.0.40219.1
Project("{FAE04EC0-301F-11D3-BF4B-00C04F79EFBC}") = "TrackerLibrary", "TrackerLibrary\TrackerLibrary.csproj", "{764BDCAD-12E8-4E03-80CE-BBA1D7FE3558}"
EndProject
Project("{FAE04EC0-301F-11D3-BF4B-00C04F79EFBC}") = "TrackerUI", "TrackerUI\TrackerUI.csproj", "{D86C4285-721C-4BF3-A5BE-CC3C2F2B479D}"
EndProject
Global
	GlobalSection(SolutionConfigurationPlatforms) = preSolution
		Debug|Any CPU = Debug|Any CPU
		Release|Any CPU = Release|Any CPU
	EndGlobalSection
	GlobalSection(ProjectConfigurationPlatforms) = postSolution
		{764BDCAD-12E8-4E03-80CE-BBA1D7FE3558}.Debug|Any CPU.ActiveCfg = Debug|Any CPU
		{764BDCAD-12E8-4E03-80CE-BBA1D7FE3558}.Debug|Any CPU.Build.0 = Debug|Any CPU
		{764BDCAD-12E8-4E03-80CE-BBA1D7FE3558}.Release|Any CPU.ActiveCfg = Release|Any CPU
		{764BDCAD-12E8-4E03-80CE-BBA1D7FE3558}.Release|Any CPU.Build.0 = Release|Any CPU
		{D86C4285-721C-4BF3-A5BE-CC3C2F2B479D}.Debug|Any CPU.ActiveCfg = Debug|Any CPU
		{D86C4285-721C-4BF3-A5BE-CC3C2F2B479D}.Debug|Any CPU.Build.0 = Debug|Any CPU
		{D86C4285-721C-4BF3-A5BE-CC3C2F2B479D}.Release|Any CPU.ActiveCfg = Release|Any CPU
		{D86C4285-721C-4BF3-A5BE-CC3C2F2B479D}.Release|Any CPU.Build.0 = Release|Any CPU
	EndGlobalSection
	GlobalSection(SolutionProperties) = preSolution
		HideSolutionNode = FALSE
	EndGlobalSection
	GlobalSection(ExtensibilityGlobals) = postSolution
		SolutionGuid = {78DE5CC5-8355-4F1D-B6AD-05B7C138874E}
	EndGlobalSection
EndGlobal
